// !$*UTF8*$!
{
	archiveVersion = 1;
	classes = {
	};
	objectVersion = 70;
	objects = {

/* Begin PBXBuildFile section */
		AA000000000000000000021B /* Assets.xcassets in Resources */ = {isa = PBXBuildFile; fileRef = AA0000000000000000000124 /* Assets.xcassets */; };
		AA000000000000000000021C /* AppStateTests.swift in Sources */ = {isa = PBXBuildFile; fileRef = AA0000000000000000000121 /* AppStateTests.swift */; };
		AA000000000000000000021D /* TestSupport.swift in Sources */ = {isa = PBXBuildFile; fileRef = AA0000000000000000000122 /* TestSupport.swift */; };
		AA000000000000000000021E /* ChronoframeUITests.swift in Sources */ = {isa = PBXBuildFile; fileRef = AA0000000000000000000123 /* ChronoframeUITests.swift */; };
		AA000000000000000000021F /* XCTest.framework in Frameworks */ = {isa = PBXBuildFile; fileRef = AA0000000000000000000126 /* XCTest.framework */; };
		AA0000000000000000000220 /* XCTest.framework in Frameworks */ = {isa = PBXBuildFile; fileRef = AA0000000000000000000126 /* XCTest.framework */; };
		AA000000000000000000022D /* AccessibilityTests.swift in Sources */ = {isa = PBXBuildFile; fileRef = AA0000000000000000000133 /* AccessibilityTests.swift */; };
		AA0000000000000000000260 /* RunHistoryViewTests.swift in Sources */ = {isa = PBXBuildFile; fileRef = AA0000000000000000000196 /* RunHistoryViewTests.swift */; };
		AA0000000000000000000262 /* DeduplicateStatusViewTests.swift in Sources */ = {isa = PBXBuildFile; fileRef = AA0000000000000000000198 /* DeduplicateStatusViewTests.swift */; };
		AA0000000000000000000A01 /* PrivacyInfo.xcprivacy in Resources */ = {isa = PBXBuildFile; fileRef = AA0000000000000000000A00 /* PrivacyInfo.xcprivacy */; };
/* End PBXBuildFile section */

/* Begin PBXContainerItemProxy section */
		AA0000000000000000000711 /* PBXContainerItemProxy */ = {
			isa = PBXContainerItemProxy;
			containerPortal = AA0000000000000000000001 /* Project object */;
			proxyType = 1;
			remoteGlobalIDString = AA0000000000000000000301;
			remoteInfo = ChronoframeApp;
		};
		AA0000000000000000000712 /* PBXContainerItemProxy */ = {
			isa = PBXContainerItemProxy;
			containerPortal = AA0000000000000000000001 /* Project object */;
			proxyType = 1;
			remoteGlobalIDString = AA0000000000000000000301;
			remoteInfo = ChronoframeApp;
		};
/* End PBXContainerItemProxy section */

/* Begin PBXFileReference section */
		AA0000000000000000000121 /* AppStateTests.swift */ = {isa = PBXFileReference; lastKnownFileType = sourcecode.swift; path = AppStateTests.swift; sourceTree = "<group>"; };
		AA0000000000000000000122 /* TestSupport.swift */ = {isa = PBXFileReference; lastKnownFileType = sourcecode.swift; path = TestSupport.swift; sourceTree = "<group>"; };
		AA0000000000000000000123 /* ChronoframeUITests.swift */ = {isa = PBXFileReference; lastKnownFileType = sourcecode.swift; path = ChronoframeUITests.swift; sourceTree = "<group>"; };
		AA0000000000000000000124 /* Assets.xcassets */ = {isa = PBXFileReference; lastKnownFileType = folder.assetcatalog; path = Assets.xcassets; sourceTree = "<group>"; };
		AA0000000000000000000125 /* Chronoframe.entitlements */ = {isa = PBXFileReference; lastKnownFileType = text.plist.entitlements; path = Chronoframe.entitlements; sourceTree = "<group>"; };
		AA0000000000000000000126 /* XCTest.framework */ = {isa = PBXFileReference; lastKnownFileType = wrapper.framework; name = XCTest.framework; path = Platforms/MacOSX.platform/Developer/Library/Frameworks/XCTest.framework; sourceTree = DEVELOPER_DIR; };
		AA0000000000000000000133 /* AccessibilityTests.swift */ = {isa = PBXFileReference; lastKnownFileType = sourcecode.swift; path = AccessibilityTests.swift; sourceTree = "<group>"; };
		AA0000000000000000000181 /* Chronoframe.app */ = {isa = PBXFileReference; explicitFileType = wrapper.application; includeInIndex = 0; path = Chronoframe.app; sourceTree = BUILT_PRODUCTS_DIR; };
		AA0000000000000000000182 /* ChronoframeAppTests.xctest */ = {isa = PBXFileReference; explicitFileType = wrapper.cfbundle; includeInIndex = 0; path = ChronoframeAppTests.xctest; sourceTree = BUILT_PRODUCTS_DIR; };
		AA0000000000000000000183 /* ChronoframeUITests.xctest */ = {isa = PBXFileReference; explicitFileType = wrapper.cfbundle; includeInIndex = 0; path = ChronoframeUITests.xctest; sourceTree = BUILT_PRODUCTS_DIR; };
		AA0000000000000000000196 /* RunHistoryViewTests.swift */ = {isa = PBXFileReference; lastKnownFileType = sourcecode.swift; path = RunHistoryViewTests.swift; sourceTree = "<group>"; };
		AA0000000000000000000198 /* DeduplicateStatusViewTests.swift */ = {isa = PBXFileReference; lastKnownFileType = sourcecode.swift; path = DeduplicateStatusViewTests.swift; sourceTree = "<group>"; };
		AA0000000000000000000A00 /* PrivacyInfo.xcprivacy */ = {isa = PBXFileReference; lastKnownFileType = text.xml; path = PrivacyInfo.xcprivacy; sourceTree = "<group>"; };
/* End PBXFileReference section */

/* Begin PBXFileSystemSynchronizedRootGroup section */
		AA00000000000000000000F1 /* ChronoframeApp */ = {isa = PBXFileSystemSynchronizedRootGroup; explicitFileTypes = {}; explicitFolders = (); path = ChronoframeApp; sourceTree = "<group>"; };
		AA00000000000000000000F2 /* ChronoframeAppCore */ = {isa = PBXFileSystemSynchronizedRootGroup; explicitFileTypes = {}; explicitFolders = (); path = ChronoframeAppCore; sourceTree = "<group>"; };
		AA00000000000000000000F3 /* ChronoframeCore */ = {isa = PBXFileSystemSynchronizedRootGroup; explicitFileTypes = {}; explicitFolders = (); path = ChronoframeCore; sourceTree = "<group>"; };
/* End PBXFileSystemSynchronizedRootGroup section */

/* Begin PBXFrameworksBuildPhase section */
		AA0000000000000000000401 /* Frameworks */ = {
			isa = PBXFrameworksBuildPhase;
			buildActionMask = 2147483647;
			files = (
			);
			runOnlyForDeploymentPostprocessing = 0;
		};
		AA0000000000000000000402 /* Frameworks */ = {
			isa = PBXFrameworksBuildPhase;
			buildActionMask = 2147483647;
			files = (
				AA000000000000000000021F /* XCTest.framework in Frameworks */,
			);
			runOnlyForDeploymentPostprocessing = 0;
		};
		AA0000000000000000000403 /* Frameworks */ = {
			isa = PBXFrameworksBuildPhase;
			buildActionMask = 2147483647;
			files = (
				AA0000000000000000000220 /* XCTest.framework in Frameworks */,
			);
			runOnlyForDeploymentPostprocessing = 0;
		};
/* End PBXFrameworksBuildPhase section */

/* Begin PBXGroup section */
		65AB3FE42FBD7990008264F7 /* Recovered References */ = {
			isa = PBXGroup;
			children = (
				AA0000000000000000000126 /* XCTest.framework */,
			);
			name = "Recovered References";
			sourceTree = "<group>";
		};
		AA0000000000000000000002 = {
			isa = PBXGroup;
			children = (
				AA0000000000000000000010 /* Sources */,
				AA0000000000000000000019 /* Tests */,
				AA000000000000000000001B /* Xcode */,
				AA000000000000000000001D /* Resources */,
				AA000000000000000000001E /* Packaging */,
				AA0000000000000000000003 /* Products */,
				65AB3FE42FBD7990008264F7 /* Recovered References */,
			);
			sourceTree = "<group>";
		};
		AA0000000000000000000003 /* Products */ = {
			isa = PBXGroup;
			children = (
				AA0000000000000000000181 /* Chronoframe.app */,
				AA0000000000000000000182 /* ChronoframeAppTests.xctest */,
				AA0000000000000000000183 /* ChronoframeUITests.xctest */,
			);
			name = Products;
			sourceTree = "<group>";
		};
		AA0000000000000000000010 /* Sources */ = {
			isa = PBXGroup;
			children = (
				AA00000000000000000000F1 /* ChronoframeApp */,
				AA00000000000000000000F2 /* ChronoframeAppCore */,
				AA00000000000000000000F3 /* ChronoframeCore */,
			);
			path = Sources;
			sourceTree = "<group>";
		};
		AA0000000000000000000019 /* Tests */ = {
			isa = PBXGroup;
			children = (
				AA000000000000000000001A /* ChronoframeAppTests */,
			);
			path = Tests;
			sourceTree = "<group>";
		};
		AA000000000000000000001A /* ChronoframeAppTests */ = {
			isa = PBXGroup;
			children = (
				AA0000000000000000000121 /* AppStateTests.swift */,
				AA0000000000000000000122 /* TestSupport.swift */,
				AA0000000000000000000133 /* AccessibilityTests.swift */,
				AA0000000000000000000196 /* RunHistoryViewTests.swift */,
				AA0000000000000000000198 /* DeduplicateStatusViewTests.swift */,
			);
			path = ChronoframeAppTests;
			sourceTree = "<group>";
		};
		AA000000000000000000001B /* Xcode */ = {
			isa = PBXGroup;
			children = (
				AA000000000000000000001C /* UITests */,
			);
			path = Xcode;
			sourceTree = "<group>";
		};
		AA000000000000000000001C /* UITests */ = {
			isa = PBXGroup;
			children = (
				AA0000000000000000000123 /* ChronoframeUITests.swift */,
			);
			path = UITests;
			sourceTree = "<group>";
		};
		AA000000000000000000001D /* Resources */ = {
			isa = PBXGroup;
			children = (
				AA0000000000000000000124 /* Assets.xcassets */,
				AA0000000000000000000A00 /* PrivacyInfo.xcprivacy */,
			);
			path = Resources;
			sourceTree = "<group>";
		};
		AA000000000000000000001E /* Packaging */ = {
			isa = PBXGroup;
			children = (
				AA0000000000000000000125 /* Chronoframe.entitlements */,
			);
			path = Packaging;
			sourceTree = "<group>";
		};
/* End PBXGroup section */

/* Begin PBXNativeTarget section */
		AA0000000000000000000301 /* ChronoframeApp */ = {
			isa = PBXNativeTarget;
			buildConfigurationList = AA0000000000000000000502 /* Build configuration list for PBXNativeTarget "ChronoframeApp" */;
			buildPhases = (
				AA0000000000000000000401 /* Frameworks */,
				AA0000000000000000000411 /* Sources */,
				AA0000000000000000000421 /* Resources */,
				AA0000000000000000000431 /* Stamp version (Major.Minor.git-build) */,
			);
			buildRules = (
			);
			dependencies = (
			);
			fileSystemSynchronizedGroups = (
				AA00000000000000000000F1 /* ChronoframeApp */,
				AA00000000000000000000F2 /* ChronoframeAppCore */,
				AA00000000000000000000F3 /* ChronoframeCore */,
			);
			name = ChronoframeApp;
			productName = Chronoframe;
			productReference = AA0000000000000000000181 /* Chronoframe.app */;
			productType = "com.apple.product-type.application";
		};
		AA0000000000000000000302 /* ChronoframeAppTests */ = {
			isa = PBXNativeTarget;
			buildConfigurationList = AA0000000000000000000503 /* Build configuration list for PBXNativeTarget "ChronoframeAppTests" */;
			buildPhases = (
				AA0000000000000000000402 /* Frameworks */,
				AA0000000000000000000412 /* Sources */,
			);
			buildRules = (
			);
			dependencies = (
				AA0000000000000000000701 /* PBXTargetDependency */,
			);
			name = ChronoframeAppTests;
			productName = ChronoframeAppTests;
			productReference = AA0000000000000000000182 /* ChronoframeAppTests.xctest */;
			productType = "com.apple.product-type.bundle.unit-test";
		};
		AA0000000000000000000303 /* ChronoframeUITests */ = {
			isa = PBXNativeTarget;
			buildConfigurationList = AA0000000000000000000504 /* Build configuration list for PBXNativeTarget "ChronoframeUITests" */;
			buildPhases = (
				AA0000000000000000000403 /* Frameworks */,
				AA0000000000000000000413 /* Sources */,
			);
			buildRules = (
			);
			dependencies = (
				AA0000000000000000000702 /* PBXTargetDependency */,
			);
			name = ChronoframeUITests;
			productName = ChronoframeUITests;
			productReference = AA0000000000000000000183 /* ChronoframeUITests.xctest */;
			productType = "com.apple.product-type.bundle.ui-testing";
		};
/* End PBXNativeTarget section */

/* Begin PBXProject section */
		AA0000000000000000000001 /* Project object */ = {
			isa = PBXProject;
			attributes = {
				LastSwiftUpdateCheck = 1640;
				LastUpgradeCheck = 1640;
				TargetAttributes = {
					AA0000000000000000000301 = {
						CreatedOnToolsVersion = 26.4;
					};
					AA0000000000000000000302 = {
						CreatedOnToolsVersion = 26.4;
						TestTargetID = AA0000000000000000000301;
					};
					AA0000000000000000000303 = {
						CreatedOnToolsVersion = 26.4;
						TestTargetID = AA0000000000000000000301;
					};
				};
			};
			buildConfigurationList = AA0000000000000000000501 /* Build configuration list for PBXProject "Chronoframe" */;
			compatibilityVersion = "Xcode 15.0";
			developmentRegion = en;
			hasScannedForEncodings = 0;
			knownRegions = (
				en,
				Base,
			);
			mainGroup = AA0000000000000000000002;
			productRefGroup = AA0000000000000000000003 /* Products */;
			projectDirPath = "";
			projectRoot = "";
			targets = (
				AA0000000000000000000301 /* ChronoframeApp */,
				AA0000000000000000000302 /* ChronoframeAppTests */,
				AA0000000000000000000303 /* ChronoframeUITests */,
			);
		};
/* End PBXProject section */

/* Begin PBXResourcesBuildPhase section */
		AA0000000000000000000421 /* Resources */ = {
			isa = PBXResourcesBuildPhase;
			buildActionMask = 2147483647;
			files = (
				AA000000000000000000021B /* Assets.xcassets in Resources */,
				AA0000000000000000000A01 /* PrivacyInfo.xcprivacy in Resources */,
			);
			runOnlyForDeploymentPostprocessing = 0;
		};
/* End PBXResourcesBuildPhase section */

/* Begin PBXShellScriptBuildPhase section */
		AA0000000000000000000431 /* Stamp version (Major.Minor.git-build) */ = {
			isa = PBXShellScriptBuildPhase;
			alwaysOutOfDate = 1;
			buildActionMask = 2147483647;
			files = (
			);
			inputFileListPaths = (
			);
			inputPaths = (
			);
			name = "Stamp version (Major.Minor.git-build)";
			outputFileListPaths = (
			);
			outputPaths = (
			);
			runOnlyForDeploymentPostprocessing = 0;
			shellPath = /bin/sh;
			shellScript = "/bin/sh \"${SRCROOT}/Packaging/stamp_version.sh\"\n";
		};
/* End PBXShellScriptBuildPhase section */

/* Begin PBXSourcesBuildPhase section */
		AA0000000000000000000411 /* Sources */ = {
			isa = PBXSourcesBuildPhase;
			buildActionMask = 2147483647;
			files = (
			);
			runOnlyForDeploymentPostprocessing = 0;
		};
		AA0000000000000000000412 /* Sources */ = {
			isa = PBXSourcesBuildPhase;
			buildActionMask = 2147483647;
			files = (
				AA000000000000000000021C /* AppStateTests.swift in Sources */,
				AA000000000000000000021D /* TestSupport.swift in Sources */,
				AA000000000000000000022D /* AccessibilityTests.swift in Sources */,
				AA0000000000000000000260 /* RunHistoryViewTests.swift in Sources */,
				AA0000000000000000000262 /* DeduplicateStatusViewTests.swift in Sources */,
			);
			runOnlyForDeploymentPostprocessing = 0;
		};
		AA0000000000000000000413 /* Sources */ = {
			isa = PBXSourcesBuildPhase;
			buildActionMask = 2147483647;
			files = (
				AA000000000000000000021E /* ChronoframeUITests.swift in Sources */,
			);
			runOnlyForDeploymentPostprocessing = 0;
		};
/* End PBXSourcesBuildPhase section */

/* Begin PBXTargetDependency section */
		AA0000000000000000000701 /* PBXTargetDependency */ = {
			isa = PBXTargetDependency;
			target = AA0000000000000000000301 /* ChronoframeApp */;
			targetProxy = AA0000000000000000000711 /* PBXContainerItemProxy */;
		};
		AA0000000000000000000702 /* PBXTargetDependency */ = {
			isa = PBXTargetDependency;
			target = AA0000000000000000000301 /* ChronoframeApp */;
			targetProxy = AA0000000000000000000712 /* PBXContainerItemProxy */;
		};
/* End PBXTargetDependency section */

/* Begin XCBuildConfiguration section */
		AA0000000000000000000601 /* Debug */ = {
			isa = XCBuildConfiguration;
			buildSettings = {
				ALWAYS_SEARCH_USER_PATHS = NO;
				CLANG_ANALYZER_NONNULL = YES;
				CLANG_ANALYZER_NUMBER_OBJECT_CONVERSION = YES_AGGRESSIVE;
				CLANG_CXX_LANGUAGE_STANDARD = "gnu++20";
				CLANG_ENABLE_MODULES = YES;
				CLANG_ENABLE_OBJC_ARC = YES;
				COPY_PHASE_STRIP = NO;
				DEBUG_INFORMATION_FORMAT = dwarf;
				ENABLE_STRICT_OBJC_MSGSEND = YES;
				GCC_C_LANGUAGE_STANDARD = gnu17;
				MACOSX_DEPLOYMENT_TARGET = 13.0;
				ONLY_ACTIVE_ARCH = YES;
				SDKROOT = macosx;
				SWIFT_ACTIVE_COMPILATION_CONDITIONS = DEBUG;
				SWIFT_VERSION = 6.0;
			};
			name = Debug;
		};
		AA0000000000000000000602 /* Release */ = {
			isa = XCBuildConfiguration;
			buildSettings = {
				ALWAYS_SEARCH_USER_PATHS = NO;
				CLANG_ANALYZER_NONNULL = YES;
				CLANG_ANALYZER_NUMBER_OBJECT_CONVERSION = YES_AGGRESSIVE;
				CLANG_CXX_LANGUAGE_STANDARD = "gnu++20";
				CLANG_ENABLE_MODULES = YES;
				CLANG_ENABLE_OBJC_ARC = YES;
				COPY_PHASE_STRIP = NO;
				DEBUG_INFORMATION_FORMAT = "dwarf-with-dsym";
				ENABLE_STRICT_OBJC_MSGSEND = YES;
				GCC_C_LANGUAGE_STANDARD = gnu17;
				MACOSX_DEPLOYMENT_TARGET = 13.0;
				SDKROOT = macosx;
				SWIFT_VERSION = 6.0;
			};
			name = Release;
		};
		AA0000000000000000000611 /* Debug */ = {
			isa = XCBuildConfiguration;
			buildSettings = {
				ASSETCATALOG_COMPILER_APPICON_NAME = AppIcon;
				CODE_SIGN_ENTITLEMENTS = Packaging/Chronoframe.entitlements;
				CODE_SIGN_STYLE = Automatic;
				CURRENT_PROJECT_VERSION = 2;
				DEVELOPMENT_TEAM = EB2YPF68XZ;
				ENABLE_HARDENED_RUNTIME = YES;
				ENABLE_TESTABILITY = YES;
				ENABLE_USER_SCRIPT_SANDBOXING = NO;
				GENERATE_INFOPLIST_FILE = NO;
				INFOPLIST_FILE = "Packaging/Chronoframe-Info.plist";
				LD_RUNPATH_SEARCH_PATHS = (
					"$(inherited)",
					"@executable_path/../Frameworks",
				);
				MACOSX_DEPLOYMENT_TARGET = 13.0;
				MARKETING_VERSION = 1.1;
				ONLY_ACTIVE_ARCH = YES;
				OTHER_LDFLAGS = (
					"$(inherited)",
					"-lsqlite3",
				);
				PRODUCT_BUNDLE_IDENTIFIER = com.nishith.chronoframe;
				PRODUCT_MODULE_NAME = ChronoframeApp;
				PRODUCT_NAME = Chronoframe;
				SWIFT_EMIT_LOC_STRINGS = NO;
				SWIFT_VERSION = 6.0;
			};
			name = Debug;
		};
		AA0000000000000000000612 /* Release */ = {
			isa = XCBuildConfiguration;
			buildSettings = {
				ASSETCATALOG_COMPILER_APPICON_NAME = AppIcon;
				CODE_SIGN_ENTITLEMENTS = Packaging/Chronoframe.entitlements;
				CODE_SIGN_STYLE = Automatic;
				CURRENT_PROJECT_VERSION = 2;
				DEVELOPMENT_TEAM = EB2YPF68XZ;
				ENABLE_HARDENED_RUNTIME = YES;
				ENABLE_USER_SCRIPT_SANDBOXING = NO;
				GENERATE_INFOPLIST_FILE = NO;
				INFOPLIST_FILE = "Packaging/Chronoframe-Info.plist";
				LD_RUNPATH_SEARCH_PATHS = (
					"$(inherited)",
					"@executable_path/../Frameworks",
				);
				MACOSX_DEPLOYMENT_TARGET = 13.0;
				MARKETING_VERSION = 1.1;
				OTHER_LDFLAGS = (
					"$(inherited)",
					"-lsqlite3",
				);
				PRODUCT_BUNDLE_IDENTIFIER = com.nishith.chronoframe;
				PRODUCT_MODULE_NAME = ChronoframeApp;
				PRODUCT_NAME = Chronoframe;
				SWIFT_EMIT_LOC_STRINGS = NO;
				SWIFT_VERSION = 6.0;
			};
			name = Release;
		};
		AA0000000000000000000621 /* Debug */ = {
			isa = XCBuildConfiguration;
			buildSettings = {
				BUNDLE_LOADER = "$(TEST_HOST)";
				CODE_SIGN_STYLE = Automatic;
				GENERATE_INFOPLIST_FILE = YES;
				LD_RUNPATH_SEARCH_PATHS = (
					"$(inherited)",
					"@executable_path/../Frameworks",
					"@loader_path/../Frameworks",
				);
				MACOSX_DEPLOYMENT_TARGET = 13.0;
				ONLY_ACTIVE_ARCH = YES;
				PRODUCT_BUNDLE_IDENTIFIER = com.nishith.chronoframe.tests;
				PRODUCT_NAME = "$(TARGET_NAME)";
				SWIFT_VERSION = 6.0;
				TEST_HOST = "$(BUILT_PRODUCTS_DIR)/Chronoframe.app/Contents/MacOS/Chronoframe";
				TEST_TARGET_NAME = ChronoframeApp;
			};
			name = Debug;
		};
		AA0000000000000000000622 /* Release */ = {
			isa = XCBuildConfiguration;
			buildSettings = {
				BUNDLE_LOADER = "$(TEST_HOST)";
				CODE_SIGN_STYLE = Automatic;
				GENERATE_INFOPLIST_FILE = YES;
				LD_RUNPATH_SEARCH_PATHS = (
					"$(inherited)",
					"@executable_path/../Frameworks",
					"@loader_path/../Frameworks",
				);
				MACOSX_DEPLOYMENT_TARGET = 13.0;
				PRODUCT_BUNDLE_IDENTIFIER = com.nishith.chronoframe.tests;
				PRODUCT_NAME = "$(TARGET_NAME)";
				SWIFT_VERSION = 6.0;
				TEST_HOST = "$(BUILT_PRODUCTS_DIR)/Chronoframe.app/Contents/MacOS/Chronoframe";
				TEST_TARGET_NAME = ChronoframeApp;
			};
			name = Release;
		};
		AA0000000000000000000631 /* Debug */ = {
			isa = XCBuildConfiguration;
			buildSettings = {
				CODE_SIGN_STYLE = Automatic;
				GENERATE_INFOPLIST_FILE = YES;
				LD_RUNPATH_SEARCH_PATHS = (
					"$(inherited)",
					"@executable_path/../Frameworks",
					"@loader_path/../Frameworks",
				);
				MACOSX_DEPLOYMENT_TARGET = 13.0;
				ONLY_ACTIVE_ARCH = YES;
				PRODUCT_BUNDLE_IDENTIFIER = "com.nishith.chronoframe.ui-tests";
				PRODUCT_NAME = "$(TARGET_NAME)";
				SWIFT_VERSION = 6.0;
				TEST_TARGET_NAME = ChronoframeApp;
			};
			name = Debug;
		};
		AA0000000000000000000632 /* Release */ = {
			isa = XCBuildConfiguration;
			buildSettings = {
				CODE_SIGN_STYLE = Automatic;
				GENERATE_INFOPLIST_FILE = YES;
				LD_RUNPATH_SEARCH_PATHS = (
					"$(inherited)",
					"@executable_path/../Frameworks",
					"@loader_path/../Frameworks",
				);
				MACOSX_DEPLOYMENT_TARGET = 13.0;
				PRODUCT_BUNDLE_IDENTIFIER = "com.nishith.chronoframe.ui-tests";
				PRODUCT_NAME = "$(TARGET_NAME)";
				SWIFT_VERSION = 6.0;
				TEST_TARGET_NAME = ChronoframeApp;
			};
			name = Release;
		};
/* End XCBuildConfiguration section */

/* Begin XCConfigurationList section */
		AA0000000000000000000501 /* Build configuration list for PBXProject "Chronoframe" */ = {
			isa = XCConfigurationList;
			buildConfigurations = (
				AA0000000000000000000601 /* Debug */,
				AA0000000000000000000602 /* Release */,
			);
			defaultConfigurationIsVisible = 0;
			defaultConfigurationName = Release;
		};
		AA0000000000000000000502 /* Build configuration list for PBXNativeTarget "ChronoframeApp" */ = {
			isa = XCConfigurationList;
			buildConfigurations = (
				AA0000000000000000000611 /* Debug */,
				AA0000000000000000000612 /* Release */,
			);
			defaultConfigurationIsVisible = 0;
			defaultConfigurationName = Release;
		};
		AA0000000000000000000503 /* Build configuration list for PBXNativeTarget "ChronoframeAppTests" */ = {
			isa = XCConfigurationList;
			buildConfigurations = (
				AA0000000000000000000621 /* Debug */,
				AA0000000000000000000622 /* Release */,
			);
			defaultConfigurationIsVisible = 0;
			defaultConfigurationName = Release;
		};
		AA0000000000000000000504 /* Build configuration list for PBXNativeTarget "ChronoframeUITests" */ = {
			isa = XCConfigurationList;
			buildConfigurations = (
				AA0000000000000000000631 /* Debug */,
				AA0000000000000000000632 /* Release */,
			);
			defaultConfigurationIsVisible = 0;
			defaultConfigurationName = Release;
		};
/* End XCConfigurationList section */
	};
	rootObject = AA0000000000000000000001 /* Project object */;
}
